#MicroXplorer Configuration settings - do not modify
PA11.GPIO_Speed=GPIO_SPEED_FREQ_VERY_HIGH
Mcu.Family=STM32L4
ProjectManager.MainLocation=Core/Src
ADC1.RightBitShift=ADC_RIGHTBITSHIFT_NONE
FREERTOS.Queues01=RegulatorEvtQ,32,evt_t,0,Dynamic,NULL,NULL;ConsoleEvtQ,16,evt_t,0,Dynamic,NULL,NULL
RCC.USART1Freq_Value=80000000
USART2.IPParameters=VirtualMode-Asynchronous
RCC.CortexFreq_Value=80000000
ADC1.OffsetNumber-7\#ChannelRegularConversion=ADC_OFFSET_NONE
ProjectManager.KeepUserCode=true
Mcu.UserName=STM32L412KBUx
SPI1.VirtualType=VM_MASTER
ADC1.Overrun=ADC_OVR_DATA_OVERWRITTEN
VP_ADC1_TempSens_Input.Mode=IN-TempSens
ADC1.ContinuousConvMode=ENABLE
ADC1.SamplingTime-6\#ChannelRegularConversion=ADC_SAMPLETIME_2CYCLES_5
PB7.GPIO_FM7=__NULL
ADC1.OffsetNumber-4\#ChannelRegularConversion=ADC_OFFSET_NONE
PA12.GPIOParameters=GPIO_Label
ProjectManager.functionlistsort=1-MX_GPIO_Init-GPIO-false-HAL-true,2-MX_DMA_Init-DMA-false-HAL-true,3-SystemClock_Config-RCC-false-HAL-false,4-MX_ADC1_Init-ADC1-false-HAL-true,5-MX_USART2_UART_Init-USART2-false-LL-true,6-MX_SPI1_Init-SPI1-false-HAL-true,7-MX_RTC_Init-RTC-false-HAL-true,8-MX_COMP1_Init-COMP1-false-HAL-true
PA11.GPIOParameters=GPIO_Speed,GPIO_Label
VP_RTC_VS_RTC_Activate.Mode=RTC_Enabled
RCC.RTCFreq_Value=32768
PA3.GPIOParameters=GPIO_Label
PA6.GPIO_Label=A6 -ADC1_IN11
PB0.GPIO_Label=D3 - ADC1_IN15
PB6.GPIO_Label=D5 - Regulator Switch Control
VP_SYS_VS_tim16.Mode=TIM16
RCC.USART2Freq_Value=80000000
PA15\ (JTDI).Signal=USART2_RX
PC15-OSC32_OUT\ (PC15).Mode=LSE-External-Oscillator
VP_COMP1_VS_VREFINT14.Signal=COMP1_VS_VREFINT14
PinOutPanel.RotationAngle=0
RCC.MCO1PinFreq_Value=80000000
RCC.SYSCLKSource=RCC_SYSCLKSOURCE_PLLCLK
ProjectManager.StackSize=0x400
SH.ADCx_IN16.0=ADC1_IN16,IN16-Single-Ended
PC14-OSC32_IN\ (PC14).Mode=LSE-External-Oscillator
VP_FREERTOS_VS_CMSIS_V2.Mode=CMSIS_V2
RCC.I2C3Freq_Value=80000000
RCC.LPTIM1Freq_Value=80000000
Mcu.IP4=NVIC
Mcu.IP5=RCC
RCC.FCLKCortexFreq_Value=80000000
Mcu.IP2=DMA
NVIC.SVCall_IRQn=true\:0\:0\:false\:false\:false\:false\:false\:false
Mcu.IP3=FREERTOS
Mcu.IP0=ADC1
FREERTOS.configENABLE_FPU=1
PA12.Locked=true
PA14\ (JTCK/SWCLK).Signal=SYS_JTCK-SWCLK
PA15\ (JTDI).Mode=Asynchronous
Mcu.IP1=COMP1
FREERTOS.INCLUDE_pcTaskGetTaskName=1
PA12.Signal=GPIO_Output
Mcu.UserConstants=
ADC1.Channel-5\#ChannelRegularConversion=ADC_CHANNEL_12
Mcu.ThirdPartyNb=0
ADC1.Channel-3\#ChannelRegularConversion=ADC_CHANNEL_10
FREERTOS.configUSE_STATS_FORMATTING_FUNCTIONS=1
SPI1.Direction=SPI_DIRECTION_2LINES
RCC.HCLKFreq_Value=80000000
Mcu.IPNb=10
ProjectManager.PreviousToolchain=
RCC.APB2TimFreq_Value=80000000
COMP1.Mode=COMP_POWERMODE_ULTRALOWPOWER
PB6.Signal=GPIO_Output
Dma.ADC1.0.Direction=DMA_PERIPH_TO_MEMORY
ADC1.Channel-2\#ChannelRegularConversion=ADC_CHANNEL_9
SPI1.CalculateBaudRate=40.0 MBits/s
PA8.GPIOParameters=GPIO_Label
FREERTOS.configUSE_MALLOC_FAILED_HOOK=1
Mcu.Pin6=PA4
Mcu.Pin7=PA5
Mcu.Pin8=PA6
Mcu.Pin9=PA7
FREERTOS.IPParameters=Tasks01,configTOTAL_HEAP_SIZE,configCHECK_FOR_STACK_OVERFLOW,FootprintOK,Queues01,configENABLE_FPU,configENABLE_BACKWARD_COMPATIBILITY,configUSE_TICK_HOOK,configUSE_MALLOC_FAILED_HOOK,configUSE_POSIX_ERRNO,configUSE_NEWLIB_REENTRANT,configUSE_STATS_FORMATTING_FUNCTIONS,configGENERATE_RUN_TIME_STATS,INCLUDE_pcTaskGetTaskName,Timers01,configUSE_TICKLESS_IDLE
Dma.ADC1.0.MemDataAlignment=DMA_MDATAALIGN_HALFWORD
RCC.AHBFreq_Value=80000000
Mcu.Pin0=PC14-OSC32_IN (PC14)
Mcu.Pin1=PC15-OSC32_OUT (PC15)
GPIO.groupedBy=Show All
Mcu.Pin2=PA0-CK_IN
Mcu.Pin3=PA1
Mcu.Pin4=PA2
Mcu.Pin5=PA3
ADC1.Channel-0\#ChannelRegularConversion=ADC_CHANNEL_TEMPSENSOR
ProjectManager.ProjectBuild=false
RCC.HSE_VALUE=8000000
NVIC.UsageFault_IRQn=true\:0\:0\:false\:false\:true\:false\:false\:false
NVIC.DebugMonitor_IRQn=true\:0\:0\:false\:false\:true\:false\:false\:false
PA8.Locked=true
PA4.Locked=true
USART2.VirtualMode-Asynchronous=VM_ASYNC
SH.ADCx_IN15.0=ADC1_IN15,IN15-Single-Ended
NVIC.SysTick_IRQn=true\:15\:0\:false\:false\:false\:true\:false\:true
RCC.RTCClockSelection=RCC_RTCCLKSOURCE_LSE
FREERTOS.configENABLE_BACKWARD_COMPATIBILITY=1
ProjectManager.FirmwarePackage=STM32Cube FW_L4 V1.17.0
PA0-CK_IN.Signal=RCC_CK_IN
ADC1.SamplingTime-4\#ChannelRegularConversion=ADC_SAMPLETIME_2CYCLES_5
MxDb.Version=DB.6.0.21
ADC1.Channel-6\#ChannelRegularConversion=ADC_CHANNEL_15
PB0.GPIOParameters=GPIO_Label
ADC1.Rank-2\#ChannelRegularConversion=3
ProjectManager.BackupPrevious=true
RCC.VCOInputFreq_Value=16000000
PB1.GPIO_Label=D6 - ADC1_IN16
Dma.ADC1.0.PeriphInc=DMA_PINC_DISABLE
PB5.Mode=Full_Duplex_Master
File.Version=6
SH.ADCx_IN8.0=ADC1_IN8,IN8-Single-Ended
SH.ADCx_IN16.ConfNb=1
SH.ADCx_IN11.ConfNb=1
PB7.Signal=GPIO_Output
PA8.Signal=GPIO_Input
PA14\ (JTCK/SWCLK).Mode=Serial_Wire
RCC.PLLRCLKFreq_Value=80000000
PB6.Locked=true
NVIC.PendSV_IRQn=true\:15\:0\:false\:false\:false\:true\:false\:false
Dma.RequestsNb=1
PB6.GPIOParameters=GPIO_FM6,GPIO_Label
ProjectManager.HalAssertFull=true
PB0.Locked=true
ADC1.SamplingTime-0\#ChannelRegularConversion=ADC_SAMPLETIME_47CYCLES_5
FREERTOS.configTOTAL_HEAP_SIZE=8192
RCC.CRSFreq_Value=48000000
ProjectManager.ProjectName=VReg
PB7.GPIO_Label=D4 - 3.3v On/Off
PB4\ (NJTRST).Locked=true
ADC1.OffsetNumber-5\#ChannelRegularConversion=ADC_OFFSET_NONE
Mcu.Package=UFQFPN32
PB1.Signal=ADCx_IN16
PA6.Signal=ADCx_IN11
FREERTOS.configUSE_NEWLIB_REENTRANT=1
PA7.Locked=true
PA5.Locked=true
NVIC.TimeBase=TIM1_UP_TIM16_IRQn
ADC1.OversamplingMode=ENABLE
PB6.GPIO_FM6=__NULL
ProjectManager.ToolChainLocation=
RCC.LSI_VALUE=32000
NVIC.TimeBaseIP=TIM16
RCC.LSCOPinFreq_Value=32000
PA10.Signal=USART1_RX
FREERTOS.FootprintOK=true
ADC1.OffsetNumber-1\#ChannelRegularConversion=ADC_OFFSET_NONE
PA5.GPIOParameters=GPIO_Label
SH.ADCx_IN9.0=ADC1_IN9,IN9-Single-Ended
PC14-OSC32_IN\ (PC14).Locked=true
RCC.APB1TimFreq_Value=80000000
FREERTOS.configGENERATE_RUN_TIME_STATS=1
FREERTOS.configUSE_TICK_HOOK=1
NVIC.BusFault_IRQn=true\:0\:0\:false\:false\:true\:false\:false\:false
RCC.LPUART1Freq_Value=80000000
SH.ADCx_IN9.ConfNb=1
ADC1.Rank-6\#ChannelRegularConversion=7
Dma.Request0=ADC1
PA4.GPIO_Label=A3 - B+ Voltage Sense
ADC1.EOCSelection=ADC_EOC_SEQ_CONV
ProjectManager.CustomerFirmwarePackage=
RCC.HSI48_VALUE=48000000
ADC1.Rank-4\#ChannelRegularConversion=5
COMP1.TriggerMode=COMP_TRIGGERMODE_EVENT_RISING
PA3.Signal=ADCx_IN8
VP_RTC_VS_RTC_Activate.Signal=RTC_VS_RTC_Activate
PA6.GPIOParameters=GPIO_Label
RCC.MSI_VALUE=4000000
RCC.PLLSourceVirtual=RCC_PLLSOURCE_HSI
RCC.PLLQoutputFreq_Value=80000000
ProjectManager.ProjectFileName=VReg.ioc
Dma.ADC1.0.Instance=DMA1_Channel1
FREERTOS.Tasks01=Logger,24,128,LoggerTask,Default,NULL,Dynamic,NULL,NULL;Console,24,256,ConsoleTask,Default,NULL,Dynamic,NULL,NULL;Regulator,32,128,RegulatorTask,Default,NULL,Dynamic,NULL,NULL
PA13\ (JTMS/SWDIO).Mode=Serial_Wire
ADC1.Channel-4\#ChannelRegularConversion=ADC_CHANNEL_11
Mcu.PinsNb=30
ProjectManager.NoMain=false
SPI1.IPParameters=VirtualType,Mode,Direction,CalculateBaudRate
PA0-CK_IN.Mode=HSE-External-Clock-Source-for-LittleOrca
ADC1.IPParameters=NbrOfConversionFlag,Channel-0\#ChannelRegularConversion,SamplingTime-0\#ChannelRegularConversion,ContinuousConvMode,DMAContinuousRequests,Overrun,EOCSelection,Rank-1\#ChannelRegularConversion,Channel-1\#ChannelRegularConversion,SamplingTime-1\#ChannelRegularConversion,OffsetNumber-1\#ChannelRegularConversion,Rank-2\#ChannelRegularConversion,Channel-2\#ChannelRegularConversion,SamplingTime-2\#ChannelRegularConversion,OffsetNumber-2\#ChannelRegularConversion,NbrOfConversion,ClockPrescaler,OversamplingMode,Ratio,RightBitShift,ExternalTrigConv,Rank-3\#ChannelRegularConversion,Channel-3\#ChannelRegularConversion,SamplingTime-3\#ChannelRegularConversion,OffsetNumber-3\#ChannelRegularConversion,Rank-4\#ChannelRegularConversion,Channel-4\#ChannelRegularConversion,SamplingTime-4\#ChannelRegularConversion,OffsetNumber-4\#ChannelRegularConversion,Rank-5\#ChannelRegularConversion,Channel-5\#ChannelRegularConversion,SamplingTime-5\#ChannelRegularConversion,OffsetNumber-5\#ChannelRegularConversion,Rank-6\#ChannelRegularConversion,Channel-6\#ChannelRegularConversion,SamplingTime-6\#ChannelRegularConversion,OffsetNumber-6\#ChannelRegularConversion,master,Rank-7\#ChannelRegularConversion,Channel-7\#ChannelRegularConversion,SamplingTime-7\#ChannelRegularConversion,OffsetNumber-7\#ChannelRegularConversion
NVIC.SavedSvcallIrqHandlerGenerated=true
FREERTOS.configCHECK_FOR_STACK_OVERFLOW=2
FREERTOS.configUSE_TICKLESS_IDLE=1
ADC1.OffsetNumber-3\#ChannelRegularConversion=ADC_OFFSET_NONE
PA11.GPIO_Label=D10 - SPI SS
ProjectManager.DefaultFWLocation=true
PC15-OSC32_OUT\ (PC15).Signal=RCC_OSC32_OUT
ProjectManager.DeletePrevious=false
NVIC.USART2_IRQn=true\:5\:0\:false\:false\:true\:true\:true\:true
PA12.GPIO_Label=D2 - Red LED
ADC1.SamplingTime-2\#ChannelRegularConversion=ADC_SAMPLETIME_47CYCLES_5
RCC.FamilyName=M
ADC1.Channel-7\#ChannelRegularConversion=ADC_CHANNEL_16
VP_COMP1_VS_VREFINT14.Mode=VREFINT_14
Dma.ADC1.0.PeriphDataAlignment=DMA_PDATAALIGN_HALFWORD
PA11.Locked=true
SH.ADCx_IN12.0=ADC1_IN12,IN12-Single-Ended
PA8.GPIO_Label=D9 - Card Detect
PB3\ (JTDO/TRACESWO).Locked=true
PB3\ (JTDO/TRACESWO).Signal=SPI1_SCK
ProjectManager.TargetToolchain=STM32CubeIDE
Dma.ADC1.0.Mode=DMA_CIRCULAR
PB7.GPIOParameters=GPIO_Label,GPIO_FM7
Dma.ADC1.0.Priority=DMA_PRIORITY_LOW
PA9.Signal=USART1_TX
ADC1.Channel-1\#ChannelRegularConversion=ADC_CHANNEL_8
PB5.Locked=true
ProjectManager.RegisterCallBack=
PC15-OSC32_OUT\ (PC15).Locked=true
RCC.USBFreq_Value=4000000
ADC1.Ratio=ADC_OVERSAMPLING_RATIO_16
PA1.Signal=COMP1_INP
PB1.Locked=true
PA5.Signal=ADCx_IN10
FREERTOS.configUSE_POSIX_ERRNO=1
board=custom
RCC.VCOOutputFreq_Value=160000000
ProjectManager.LastFirmware=true
Dma.ADC1.0.RequestParameters=Instance,Direction,PeriphInc,MemInc,PeriphDataAlignment,MemDataAlignment,Mode,Priority
PA0-CK_IN.Locked=true
NVIC.SavedSystickIrqHandlerGenerated=true
RCC.APB2Freq_Value=80000000
PA1.Mode=INP
SH.ADCx_IN11.0=ADC1_IN11,IN11-Single-Ended
COMP1.IPParameters=Mode,TriggerMode
MxCube.Version=6.2.1
RCC.I2C1Freq_Value=80000000
SPI1.Mode=SPI_MODE_MASTER
VP_SYS_VS_tim16.Signal=SYS_VS_tim16
RCC.RNGFreq_Value=4000000
SH.ADCx_IN10.ConfNb=1
VP_ADC1_TempSens_Input.Signal=ADC1_TempSens_Input
RCC.ADCFreq_Value=80000000
SH.ADCx_IN12.ConfNb=1
SH.ADCx_IN15.ConfNb=1
PA9.Locked=true
NVIC.NonMaskableInt_IRQn=true\:0\:0\:false\:false\:true\:false\:false\:false
PA4.GPIOParameters=GPIO_Label
ADC1.DMAContinuousRequests=ENABLE
SH.ADCx_IN8.ConfNb=1
PB4\ (NJTRST).Mode=Full_Duplex_Master
ADC1.NbrOfConversion=8
ADC1.OffsetNumber-2\#ChannelRegularConversion=ADC_OFFSET_NONE
ProjectManager.FreePins=false
RCC.IPParameters=ADCFreq_Value,AHBFreq_Value,APB1Freq_Value,APB1TimFreq_Value,APB2Freq_Value,APB2TimFreq_Value,CRSFreq_Value,CortexFreq_Value,FCLKCortexFreq_Value,FamilyName,HCLKFreq_Value,HSE_VALUE,HSI48_VALUE,HSI_VALUE,I2C1Freq_Value,I2C3Freq_Value,LPTIM1Freq_Value,LPTIM2Freq_Value,LPUART1Freq_Value,LSCOPinFreq_Value,LSI_VALUE,MCO1PinFreq_Value,MSI_VALUE,PLLN,PLLQoutputFreq_Value,PLLRCLKFreq_Value,PLLSourceVirtual,PWRFreq_Value,RNGFreq_Value,RTCClockSelection,RTCFreq_Value,SYSCLKFreq_VALUE,SYSCLKSource,USART1Freq_Value,USART2Freq_Value,USBFreq_Value,VCOInputFreq_Value,VCOOutputFreq_Value
ProjectManager.AskForMigrate=true
Mcu.Name=STM32L412KBUx
RCC.LPTIM2Freq_Value=80000000
Mcu.Pin26=VP_COMP1_VS_VREFINT14
Mcu.Pin27=VP_FREERTOS_VS_CMSIS_V2
NVIC.SavedPendsvIrqHandlerGenerated=true
PA2.Signal=USART2_TX
Mcu.Pin24=PB7
ProjectManager.UnderRoot=true
Mcu.Pin25=VP_ADC1_TempSens_Input
ADC1.OffsetNumber-6\#ChannelRegularConversion=ADC_OFFSET_NONE
Mcu.IP8=SYS
VP_FREERTOS_VS_CMSIS_V2.Signal=FREERTOS_VS_CMSIS_V2
ADC1.ExternalTrigConv=ADC_SOFTWARE_START
Mcu.IP9=USART2
Mcu.Pin28=VP_RTC_VS_RTC_Activate
Mcu.IP6=RTC
Mcu.Pin29=VP_SYS_VS_tim16
Mcu.IP7=SPI1
ProjectManager.CoupleFile=true
PA4.Signal=ADCx_IN9
ADC1.SamplingTime-1\#ChannelRegularConversion=ADC_SAMPLETIME_47CYCLES_5
RCC.SYSCLKFreq_VALUE=80000000
PB5.Signal=SPI1_MOSI
Mcu.Pin22=PB5
Mcu.Pin23=PB6
PA7.GPIO_Label=A6 - ADC1_IN12
Mcu.Pin20=PB3 (JTDO/TRACESWO)
ADC1.master=1
PA3.Locked=true
Mcu.Pin21=PB4 (NJTRST)
PA10.Locked=true
PA5.GPIO_Label=A4 - D+ Voltage Sense
ADC1.Rank-3\#ChannelRegularConversion=4
ADC1.SamplingTime-3\#ChannelRegularConversion=ADC_SAMPLETIME_2CYCLES_5
NVIC.ForceEnableDMAVector=true
KeepUserPlacement=false
PC14-OSC32_IN\ (PC14).Signal=RCC_OSC32_IN
NVIC.MemoryManagement_IRQn=true\:0\:0\:false\:false\:true\:false\:false\:false
ProjectManager.CompilerOptimize=6
ADC1.Rank-1\#ChannelRegularConversion=2
PA11.Signal=GPIO_Output
Dma.ADC1.0.MemInc=DMA_MINC_ENABLE
SH.ADCx_IN10.0=ADC1_IN10,IN10-Single-Ended
ProjectManager.HeapSize=0x200
Mcu.Pin15=PA11
NVIC.HardFault_IRQn=true\:0\:0\:false\:false\:true\:false\:false\:false
Mcu.Pin16=PA12
Mcu.Pin13=PA9
Mcu.Pin14=PA10
Mcu.Pin19=PA15 (JTDI)
ADC1.SamplingTime-5\#ChannelRegularConversion=ADC_SAMPLETIME_2CYCLES_5
ProjectManager.ComputerToolchain=false
Mcu.Pin17=PA13 (JTMS/SWDIO)
FREERTOS.Timers01=Period,PeriodCallback,osTimerPeriodic,Default,NULL,Dynamic,NULL
RCC.HSI_VALUE=16000000
Mcu.Pin18=PA14 (JTCK/SWCLK)
ADC1.Rank-7\#ChannelRegularConversion=8
NVIC.TIM1_UP_TIM16_IRQn=true\:0\:0\:false\:false\:true\:false\:false\:true
NVIC.PriorityGroup=NVIC_PRIORITYGROUP_4
ADC1.NbrOfConversionFlag=1
Mcu.Pin11=PB1
Mcu.Pin12=PA8
PB3\ (JTDO/TRACESWO).Mode=Full_Duplex_Master
RCC.PLLN=10
Mcu.Pin10=PB0
PB7.Locked=true
PA2.Mode=Asynchronous
RCC.PWRFreq_Value=80000000
ADC1.SamplingTime-7\#ChannelRegularConversion=ADC_SAMPLETIME_2CYCLES_5
NVIC.DMA1_Channel1_IRQn=true\:5\:0\:false\:false\:true\:true\:false\:true
PA15\ (JTDI).Locked=true
RCC.APB1Freq_Value=80000000
PB0.Signal=ADCx_IN15
ADC1.ClockPrescaler=ADC_CLOCK_ASYNC_DIV10
PA7.GPIOParameters=GPIO_Label
ADC1.Rank-5\#ChannelRegularConversion=6
ProjectManager.DeviceId=STM32L412KBUx
ProjectManager.LibraryCopy=1
PA13\ (JTMS/SWDIO).Signal=SYS_JTMS-SWDIO
PA3.GPIO_Label=A2 - B+ Current Sense
PB1.GPIOParameters=GPIO_Label
PA7.Signal=ADCx_IN12
PB4\ (NJTRST).Signal=SPI1_MISO
PA6.Locked=true
isbadioc=false
